
Microsoft Visual Studio Solution File, Format Version 12.00
# Visual Studio Version 17
VisualStudioVersion = 17.3.32804.467
MinimumVisualStudioVersion = 10.0.40219.1
Project("{FAE04EC0-301F-11D3-BF4B-00C04F79EFBC}") = "asalSayi", "asalSayi\asalSayi.csproj", "{78E35242-4994-4411-9131-C9ED701D148E}"
EndProject
Global
	GlobalSection(SolutionConfigurationPlatforms) = preSolution
		Debug|Any CPU = Debug|Any CPU
		Release|Any CPU = Release|Any CPU
	EndGlobalSection
	GlobalSection(ProjectConfigurationPlatforms) = postSolution
		{78E35242-4994-4411-9131-C9ED701D148E}.Debug|Any CPU.ActiveCfg = Debug|Any CPU
		{78E35242-4994-4411-9131-C9ED701D148E}.Debug|Any CPU.Build.0 = Debug|Any CPU
		{78E35242-4994-4411-9131-C9ED701D148E}.Release|Any CPU.ActiveCfg = Release|Any CPU
		{78E35242-4994-4411-9131-C9ED701D148E}.Release|Any CPU.Build.0 = Release|Any CPU
	EndGlobalSection
	GlobalSection(SolutionProperties) = preSolution
		HideSolutionNode = FALSE
	EndGlobalSection
	GlobalSection(ExtensibilityGlobals) = postSolution
		SolutionGuid = {FE8EC62E-B331-41A2-8909-C8C5D886597D}
	EndGlobalSection
EndGlobal
